
Microsoft Visual Studio Solution File, Format Version 12.00
# Visual Studio Version 17
VisualStudioVersion = 17.6.33815.320
MinimumVisualStudioVersion = 10.0.40219.1
Project("{FAE04EC0-301F-11D3-BF4B-00C04F79EFBC}") = "Assignment5", "Assignment5\Assignment5.csproj", "{A835ACBC-3A2A-4BA8-9BE3-3B87A38EE805}"
EndProject
Project("{FAE04EC0-301F-11D3-BF4B-00C04F79EFBC}") = "Assignment5test", "Assignment5test\Assignment5test.csproj", "{A16ABC7C-BA3E-4826-9DAC-82D0595EFE7F}"
EndProject
Global
	GlobalSection(SolutionConfigurationPlatforms) = preSolution
		Debug|Any CPU = Debug|Any CPU
		Release|Any CPU = Release|Any CPU
	EndGlobalSection
	GlobalSection(ProjectConfigurationPlatforms) = postSolution
		{A835ACBC-3A2A-4BA8-9BE3-3B87A38EE805}.Debug|Any CPU.ActiveCfg = Debug|Any CPU
		{A835ACBC-3A2A-4BA8-9BE3-3B87A38EE805}.Debug|Any CPU.Build.0 = Debug|Any CPU
		{A835ACBC-3A2A-4BA8-9BE3-3B87A38EE805}.Release|Any CPU.ActiveCfg = Release|Any CPU
		{A835ACBC-3A2A-4BA8-9BE3-3B87A38EE805}.Release|Any CPU.Build.0 = Release|Any CPU
		{A16ABC7C-BA3E-4826-9DAC-82D0595EFE7F}.Debug|Any CPU.ActiveCfg = Debug|Any CPU
		{A16ABC7C-BA3E-4826-9DAC-82D0595EFE7F}.Debug|Any CPU.Build.0 = Debug|Any CPU
		{A16ABC7C-BA3E-4826-9DAC-82D0595EFE7F}.Release|Any CPU.ActiveCfg = Release|Any CPU
		{A16ABC7C-BA3E-4826-9DAC-82D0595EFE7F}.Release|Any CPU.Build.0 = Release|Any CPU
	EndGlobalSection
	GlobalSection(SolutionProperties) = preSolution
		HideSolutionNode = FALSE
	EndGlobalSection
	GlobalSection(ExtensibilityGlobals) = postSolution
		SolutionGuid = {D0F4AFE7-061E-4CF8-82C1-D85DB20DE87B}
	EndGlobalSection
EndGlobal
